
Microsoft Visual Studio Solution File, Format Version 12.00
# Visual Studio Version 17
VisualStudioVersion = 17.0.31717.71
MinimumVisualStudioVersion = 10.0.40219.1
Project("{FAE04EC0-301F-11D3-BF4B-00C04F79EFBC}") = "OscViewer", "OscViewer\OscViewer.csproj", "{FBB009F9-A0A5-473B-A728-067FA8C8980B}"
EndProject
Global
	GlobalSection(SolutionConfigurationPlatforms) = preSolution
		Debug|Any CPU = Debug|Any CPU
		Release|Any CPU = Release|Any CPU
	EndGlobalSection
	GlobalSection(ProjectConfigurationPlatforms) = postSolution
		{FBB009F9-A0A5-473B-A728-067FA8C8980B}.Debug|Any CPU.ActiveCfg = Debug|Any CPU
		{FBB009F9-A0A5-473B-A728-067FA8C8980B}.Debug|Any CPU.Build.0 = Debug|Any CPU
		{FBB009F9-A0A5-473B-A728-067FA8C8980B}.Release|Any CPU.ActiveCfg = Release|Any CPU
		{FBB009F9-A0A5-473B-A728-067FA8C8980B}.Release|Any CPU.Build.0 = Release|Any CPU
	EndGlobalSection
	GlobalSection(SolutionProperties) = preSolution
		HideSolutionNode = FALSE
	EndGlobalSection
	GlobalSection(ExtensibilityGlobals) = postSolution
		SolutionGuid = {FA52D01F-7E22-44AD-8A58-12B88C1F120E}
	EndGlobalSection
EndGlobal
